
Microsoft Visual Studio Solution File, Format Version 12.00
# Visual Studio 14
VisualStudioVersion = 14.0.25420.1
MinimumVisualStudioVersion = 10.0.40219.1
Project("{A07B5EB6-E848-4116-A8D0-A826331D98C6}") = "CounterApp", "CounterApp\CounterApp.sfproj", "{6B0FF4EE-F8AB-4B9E-85BD-E4721FC98088}"
EndProject
Project("{FAE04EC0-301F-11D3-BF4B-00C04F79EFBC}") = "CounterService", "CounterService\CounterService.csproj", "{BFF063BE-1A4F-4292-902A-8AFDB84C938C}"
EndProject
Project("{FAE04EC0-301F-11D3-BF4B-00C04F79EFBC}") = "CounterService.Api", "CounterService.Api\CounterService.Api.csproj", "{BA0E6AAD-90BC-47BE-8BD3-D84F71EBEE3D}"
EndProject
Project("{FAE04EC0-301F-11D3-BF4B-00C04F79EFBC}") = "CounterWebApi", "CounterWebApi\CounterWebApi.csproj", "{F77464E9-DE3F-467D-B335-A57657FDB8CE}"
EndProject
Global
	GlobalSection(SolutionConfigurationPlatforms) = preSolution
		Debug|Any CPU = Debug|Any CPU
		Debug|x64 = Debug|x64
		Release|Any CPU = Release|Any CPU
		Release|x64 = Release|x64
	EndGlobalSection
	GlobalSection(ProjectConfigurationPlatforms) = postSolution
		{6B0FF4EE-F8AB-4B9E-85BD-E4721FC98088}.Debug|Any CPU.ActiveCfg = Debug|x64
		{6B0FF4EE-F8AB-4B9E-85BD-E4721FC98088}.Debug|x64.ActiveCfg = Debug|x64
		{6B0FF4EE-F8AB-4B9E-85BD-E4721FC98088}.Debug|x64.Build.0 = Debug|x64
		{6B0FF4EE-F8AB-4B9E-85BD-E4721FC98088}.Debug|x64.Deploy.0 = Debug|x64
		{6B0FF4EE-F8AB-4B9E-85BD-E4721FC98088}.Release|Any CPU.ActiveCfg = Release|x64
		{6B0FF4EE-F8AB-4B9E-85BD-E4721FC98088}.Release|x64.ActiveCfg = Release|x64
		{6B0FF4EE-F8AB-4B9E-85BD-E4721FC98088}.Release|x64.Build.0 = Release|x64
		{6B0FF4EE-F8AB-4B9E-85BD-E4721FC98088}.Release|x64.Deploy.0 = Release|x64
		{BFF063BE-1A4F-4292-902A-8AFDB84C938C}.Debug|Any CPU.ActiveCfg = Debug|x64
		{BFF063BE-1A4F-4292-902A-8AFDB84C938C}.Debug|x64.ActiveCfg = Debug|x64
		{BFF063BE-1A4F-4292-902A-8AFDB84C938C}.Debug|x64.Build.0 = Debug|x64
		{BFF063BE-1A4F-4292-902A-8AFDB84C938C}.Release|Any CPU.ActiveCfg = Release|x64
		{BFF063BE-1A4F-4292-902A-8AFDB84C938C}.Release|x64.ActiveCfg = Release|x64
		{BFF063BE-1A4F-4292-902A-8AFDB84C938C}.Release|x64.Build.0 = Release|x64
		{BA0E6AAD-90BC-47BE-8BD3-D84F71EBEE3D}.Debug|Any CPU.ActiveCfg = Debug|Any CPU
		{BA0E6AAD-90BC-47BE-8BD3-D84F71EBEE3D}.Debug|Any CPU.Build.0 = Debug|Any CPU
		{BA0E6AAD-90BC-47BE-8BD3-D84F71EBEE3D}.Debug|x64.ActiveCfg = Debug|Any CPU
		{BA0E6AAD-90BC-47BE-8BD3-D84F71EBEE3D}.Debug|x64.Build.0 = Debug|Any CPU
		{BA0E6AAD-90BC-47BE-8BD3-D84F71EBEE3D}.Release|Any CPU.ActiveCfg = Release|Any CPU
		{BA0E6AAD-90BC-47BE-8BD3-D84F71EBEE3D}.Release|Any CPU.Build.0 = Release|Any CPU
		{BA0E6AAD-90BC-47BE-8BD3-D84F71EBEE3D}.Release|x64.ActiveCfg = Release|Any CPU
		{BA0E6AAD-90BC-47BE-8BD3-D84F71EBEE3D}.Release|x64.Build.0 = Release|Any CPU
		{F77464E9-DE3F-467D-B335-A57657FDB8CE}.Debug|Any CPU.ActiveCfg = Debug|x64
		{F77464E9-DE3F-467D-B335-A57657FDB8CE}.Debug|x64.ActiveCfg = Debug|x64
		{F77464E9-DE3F-467D-B335-A57657FDB8CE}.Debug|x64.Build.0 = Debug|x64
		{F77464E9-DE3F-467D-B335-A57657FDB8CE}.Release|Any CPU.ActiveCfg = Release|x64
		{F77464E9-DE3F-467D-B335-A57657FDB8CE}.Release|x64.ActiveCfg = Release|x64
		{F77464E9-DE3F-467D-B335-A57657FDB8CE}.Release|x64.Build.0 = Release|x64
	EndGlobalSection
	GlobalSection(SolutionProperties) = preSolution
		HideSolutionNode = FALSE
	EndGlobalSection
EndGlobal
