
Microsoft Visual Studio Solution File, Format Version 12.00
# Visual Studio 14
VisualStudioVersion = 14.0.25420.1
MinimumVisualStudioVersion = 10.0.40219.1
Project("{2150E333-8FDC-42A3-9474-1A3956D46DE8}") = "Nuget Libraries", "Nuget Libraries", "{5103B92D-51FC-4675-93FF-7AC42AEACBF1}"
EndProject
Project("{2150E333-8FDC-42A3-9474-1A3956D46DE8}") = "Tests", "Tests", "{314F5341-BBBC-4160-B8E0-60D001BF1D0D}"
EndProject
Project("{FAE04EC0-301F-11D3-BF4B-00C04F79EFBC}") = "MicroServiceFabric.MessagePump", "Nuget Libraries\MicroServiceFabric.MessageLoop\MicroServiceFabric.MessagePump.csproj", "{1CD22493-8C8A-48BD-B90E-DABF67045C4A}"
EndProject
Project("{FAE04EC0-301F-11D3-BF4B-00C04F79EFBC}") = "MicroServiceFabric.MessagePump.Tests", "Tests\MicroServiceFabric.MessageLoop.Tests\MicroServiceFabric.MessagePump.Tests.csproj", "{60F4EE56-23EE-4387-9F63-6634EF43E2BA}"
EndProject
Project("{2150E333-8FDC-42A3-9474-1A3956D46DE8}") = "Solution Items", "Solution Items", "{8986BF8A-F7EB-483B-BE5E-5030BB4FBFCF}"
	ProjectSection(SolutionItems) = preProject
		README.md = README.md
	EndProjectSection
EndProject
Global
	GlobalSection(SolutionConfigurationPlatforms) = preSolution
		Debug|Any CPU = Debug|Any CPU
		Release|Any CPU = Release|Any CPU
	EndGlobalSection
	GlobalSection(ProjectConfigurationPlatforms) = postSolution
		{1CD22493-8C8A-48BD-B90E-DABF67045C4A}.Debug|Any CPU.ActiveCfg = Debug|Any CPU
		{1CD22493-8C8A-48BD-B90E-DABF67045C4A}.Debug|Any CPU.Build.0 = Debug|Any CPU
		{1CD22493-8C8A-48BD-B90E-DABF67045C4A}.Release|Any CPU.ActiveCfg = Release|Any CPU
		{1CD22493-8C8A-48BD-B90E-DABF67045C4A}.Release|Any CPU.Build.0 = Release|Any CPU
		{60F4EE56-23EE-4387-9F63-6634EF43E2BA}.Debug|Any CPU.ActiveCfg = Debug|Any CPU
		{60F4EE56-23EE-4387-9F63-6634EF43E2BA}.Debug|Any CPU.Build.0 = Debug|Any CPU
		{60F4EE56-23EE-4387-9F63-6634EF43E2BA}.Release|Any CPU.ActiveCfg = Release|Any CPU
		{60F4EE56-23EE-4387-9F63-6634EF43E2BA}.Release|Any CPU.Build.0 = Release|Any CPU
	EndGlobalSection
	GlobalSection(SolutionProperties) = preSolution
		HideSolutionNode = FALSE
	EndGlobalSection
	GlobalSection(NestedProjects) = preSolution
		{1CD22493-8C8A-48BD-B90E-DABF67045C4A} = {5103B92D-51FC-4675-93FF-7AC42AEACBF1}
		{60F4EE56-23EE-4387-9F63-6634EF43E2BA} = {314F5341-BBBC-4160-B8E0-60D001BF1D0D}
	EndGlobalSection
EndGlobal
